
Microsoft Visual Studio Solution File, Format Version 12.00
# Visual Studio Version 16
VisualStudioVersion = 16.0.29609.76
MinimumVisualStudioVersion = 10.0.40219.1
Project("{FAE04EC0-301F-11D3-BF4B-00C04F79EFBC}") = "CSUROffsetPatch", "CSUROffsetPatch.csproj", "{389435AA-47D4-44D6-BE31-9521E5A0258C}"
EndProject
Global
	GlobalSection(SolutionConfigurationPlatforms) = preSolution
		Debug|Any CPU = Debug|Any CPU
		Release|Any CPU = Release|Any CPU
	EndGlobalSection
	GlobalSection(ProjectConfigurationPlatforms) = postSolution
		{389435AA-47D4-44D6-BE31-9521E5A0258C}.Debug|Any CPU.ActiveCfg = Debug|Any CPU
		{389435AA-47D4-44D6-BE31-9521E5A0258C}.Debug|Any CPU.Build.0 = Debug|Any CPU
		{389435AA-47D4-44D6-BE31-9521E5A0258C}.Release|Any CPU.ActiveCfg = Release|Any CPU
		{389435AA-47D4-44D6-BE31-9521E5A0258C}.Release|Any CPU.Build.0 = Release|Any CPU
	EndGlobalSection
	GlobalSection(SolutionProperties) = preSolution
		HideSolutionNode = FALSE
	EndGlobalSection
	GlobalSection(ExtensibilityGlobals) = postSolution
		SolutionGuid = {A8F642CB-E97B-4F43-A9D4-9C48D6F21889}
	EndGlobalSection
EndGlobal
